
Microsoft Visual Studio Solution File, Format Version 12.00
# Visual Studio Version 17
VisualStudioVersion = 17.14.36414.22
MinimumVisualStudioVersion = 10.0.40219.1
Project("{8BC9CEB8-8B4A-11D0-8D11-00A0C91BC942}") = "Program", "Program.vcxproj", "{478C5777-559B-49C1-8144-4FB7D1F89DDF}"
EndProject
Project("{8BC9CEB8-8B4A-11D0-8D11-00A0C91BC942}") = "Class1th (Single Linked List)", "..\Class1th (Single Linked List)\Class1th (Single Linked List).vcxproj", "{F168D765-07B0-4B3B-B13C-D3E2C97373AD}"
EndProject
Project("{8BC9CEB8-8B4A-11D0-8D11-00A0C91BC942}") = "Class2th (Double Linked List)", "..\Class2th (Double Linked List)\Class2th (Double Linked List).vcxproj", "{38636191-E2DD-4A2C-8034-F93568B0A804}"
EndProject
Project("{8BC9CEB8-8B4A-11D0-8D11-00A0C91BC942}") = "Class3th (Circle Linked List)", "..\Class3th (Circle Linked List)\Class3th (Circle Linked List).vcxproj", "{AE7C0366-24F0-4F29-819E-332FC9D017C1}"
EndProject
Global
	GlobalSection(SolutionConfigurationPlatforms) = preSolution
		Debug|x64 = Debug|x64
		Debug|x86 = Debug|x86
		Release|x64 = Release|x64
		Release|x86 = Release|x86
	EndGlobalSection
	GlobalSection(ProjectConfigurationPlatforms) = postSolution
		{478C5777-559B-49C1-8144-4FB7D1F89DDF}.Debug|x64.ActiveCfg = Debug|x64
		{478C5777-559B-49C1-8144-4FB7D1F89DDF}.Debug|x64.Build.0 = Debug|x64
		{478C5777-559B-49C1-8144-4FB7D1F89DDF}.Debug|x86.ActiveCfg = Debug|Win32
		{478C5777-559B-49C1-8144-4FB7D1F89DDF}.Debug|x86.Build.0 = Debug|Win32
		{478C5777-559B-49C1-8144-4FB7D1F89DDF}.Release|x64.ActiveCfg = Release|x64
		{478C5777-559B-49C1-8144-4FB7D1F89DDF}.Release|x64.Build.0 = Release|x64
		{478C5777-559B-49C1-8144-4FB7D1F89DDF}.Release|x86.ActiveCfg = Release|Win32
		{478C5777-559B-49C1-8144-4FB7D1F89DDF}.Release|x86.Build.0 = Release|Win32
		{F168D765-07B0-4B3B-B13C-D3E2C97373AD}.Debug|x64.ActiveCfg = Debug|x64
		{F168D765-07B0-4B3B-B13C-D3E2C97373AD}.Debug|x64.Build.0 = Debug|x64
		{F168D765-07B0-4B3B-B13C-D3E2C97373AD}.Debug|x86.ActiveCfg = Debug|Win32
		{F168D765-07B0-4B3B-B13C-D3E2C97373AD}.Debug|x86.Build.0 = Debug|Win32
		{F168D765-07B0-4B3B-B13C-D3E2C97373AD}.Release|x64.ActiveCfg = Release|x64
		{F168D765-07B0-4B3B-B13C-D3E2C97373AD}.Release|x64.Build.0 = Release|x64
		{F168D765-07B0-4B3B-B13C-D3E2C97373AD}.Release|x86.ActiveCfg = Release|Win32
		{F168D765-07B0-4B3B-B13C-D3E2C97373AD}.Release|x86.Build.0 = Release|Win32
		{38636191-E2DD-4A2C-8034-F93568B0A804}.Debug|x64.ActiveCfg = Debug|x64
		{38636191-E2DD-4A2C-8034-F93568B0A804}.Debug|x64.Build.0 = Debug|x64
		{38636191-E2DD-4A2C-8034-F93568B0A804}.Debug|x86.ActiveCfg = Debug|Win32
		{38636191-E2DD-4A2C-8034-F93568B0A804}.Debug|x86.Build.0 = Debug|Win32
		{38636191-E2DD-4A2C-8034-F93568B0A804}.Release|x64.ActiveCfg = Release|x64
		{38636191-E2DD-4A2C-8034-F93568B0A804}.Release|x64.Build.0 = Release|x64
		{38636191-E2DD-4A2C-8034-F93568B0A804}.Release|x86.ActiveCfg = Release|Win32
		{38636191-E2DD-4A2C-8034-F93568B0A804}.Release|x86.Build.0 = Release|Win32
		{AE7C0366-24F0-4F29-819E-332FC9D017C1}.Debug|x64.ActiveCfg = Debug|x64
		{AE7C0366-24F0-4F29-819E-332FC9D017C1}.Debug|x64.Build.0 = Debug|x64
		{AE7C0366-24F0-4F29-819E-332FC9D017C1}.Debug|x86.ActiveCfg = Debug|Win32
		{AE7C0366-24F0-4F29-819E-332FC9D017C1}.Debug|x86.Build.0 = Debug|Win32
		{AE7C0366-24F0-4F29-819E-332FC9D017C1}.Release|x64.ActiveCfg = Release|x64
		{AE7C0366-24F0-4F29-819E-332FC9D017C1}.Release|x64.Build.0 = Release|x64
		{AE7C0366-24F0-4F29-819E-332FC9D017C1}.Release|x86.ActiveCfg = Release|Win32
		{AE7C0366-24F0-4F29-819E-332FC9D017C1}.Release|x86.Build.0 = Release|Win32
	EndGlobalSection
	GlobalSection(SolutionProperties) = preSolution
		HideSolutionNode = FALSE
	EndGlobalSection
	GlobalSection(ExtensibilityGlobals) = postSolution
		SolutionGuid = {1AC60E5D-7581-4E5A-BFF9-ADA0156FDE90}
	EndGlobalSection
EndGlobal
